
Microsoft Visual Studio Solution File, Format Version 12.00
# Visual Studio Version 17
VisualStudioVersion = 17.11.35327.3
MinimumVisualStudioVersion = 10.0.40219.1
Project("{FAE04EC0-301F-11D3-BF4B-00C04F79EFBC}") = "WebBusApp", "WebBusApp\WebBusApp.csproj", "{6D28AEED-519E-4200-9019-C079477084C6}"
EndProject
Global
	GlobalSection(SolutionConfigurationPlatforms) = preSolution
		Debug|Any CPU = Debug|Any CPU
		Release|Any CPU = Release|Any CPU
	EndGlobalSection
	GlobalSection(ProjectConfigurationPlatforms) = postSolution
		{6D28AEED-519E-4200-9019-C079477084C6}.Debug|Any CPU.ActiveCfg = Debug|Any CPU
		{6D28AEED-519E-4200-9019-C079477084C6}.Debug|Any CPU.Build.0 = Debug|Any CPU
		{6D28AEED-519E-4200-9019-C079477084C6}.Release|Any CPU.ActiveCfg = Release|Any CPU
		{6D28AEED-519E-4200-9019-C079477084C6}.Release|Any CPU.Build.0 = Release|Any CPU
	EndGlobalSection
	GlobalSection(SolutionProperties) = preSolution
		HideSolutionNode = FALSE
	EndGlobalSection
	GlobalSection(ExtensibilityGlobals) = postSolution
		SolutionGuid = {2137E32D-80D7-421B-8042-1E2F43242975}
	EndGlobalSection
EndGlobal
